
Microsoft Visual Studio Solution File, Format Version 12.00
# Visual Studio 2013
VisualStudioVersion = 12.0.21005.1
MinimumVisualStudioVersion = 10.0.40219.1
Project("{FAE04EC0-301F-11D3-BF4B-00C04F79EFBC}") = "DeepConfig", "DeepConfig\DeepConfig.csproj", "{8D56A19B-DD46-4397-B337-8A9E4840F60B}"
EndProject
Project("{2150E333-8FDC-42A3-9474-1A3956D46DE8}") = "Solution Items", "Solution Items", "{01DB9E07-7933-48F9-92B2-0CAE3561987D}"
	ProjectSection(SolutionItems) = preProject
		GlobalAssemblyInfo.cs = GlobalAssemblyInfo.cs
		GlobalEditorAssemblyInfo.cs = GlobalEditorAssemblyInfo.cs
	EndProjectSection
EndProject
Project("{FAE04EC0-301F-11D3-BF4B-00C04F79EFBC}") = "DeepConfig.Extras", "DeepConfig.Extras\DeepConfig.Extras.csproj", "{9F19ABB8-8D9D-4910-8BB5-62CA4C20EBA2}"
EndProject
Project("{FAE04EC0-301F-11D3-BF4B-00C04F79EFBC}") = "DeepConfigEditor", "DeepConfigEditor\DeepConfigEditor.csproj", "{2DE4C2E6-7B53-4FB5-ACFD-8630DCD052F5}"
EndProject
Project("{FAE04EC0-301F-11D3-BF4B-00C04F79EFBC}") = "DeepConfigEditor.Extensions", "DeepConfigEditor.Extensions\DeepConfigEditor.Extensions.csproj", "{4E367B7F-FA95-4429-9F48-DFA0F5F05D3A}"
EndProject
Project("{FAE04EC0-301F-11D3-BF4B-00C04F79EFBC}") = "DeepConfigEditor.Core", "DeepConfigEditor.Core\DeepConfigEditor.Core.csproj", "{C7BC3D3B-39E5-4FCE-BE09-49EE797412A2}"
EndProject
Project("{FAE04EC0-301F-11D3-BF4B-00C04F79EFBC}") = "DeepConfigEditor.FileExplorer", "DeepConfigEditor.FileExplorer\DeepConfigEditor.FileExplorer.csproj", "{CBCB3B72-8285-4697-AC91-559F1C8D193E}"
EndProject
Project("{FAE04EC0-301F-11D3-BF4B-00C04F79EFBC}") = "Tests.DeepConfigEditor", "Tests.DeepConfigEditor\Tests.DeepConfigEditor.csproj", "{26999970-40F2-4931-A6F4-1E5CF3FFEA4D}"
EndProject
Project("{FAE04EC0-301F-11D3-BF4B-00C04F79EFBC}") = "SampleEditorPlugin", "SampleEditorPlugin\SampleEditorPlugin.csproj", "{FE2E9578-0095-441D-9A87-EC15EC93D193}"
EndProject
Project("{FAE04EC0-301F-11D3-BF4B-00C04F79EFBC}") = "DeepConfigEditor.Resources", "DeepConfigEditor.Resources\DeepConfigEditor.Resources.csproj", "{F0DA61C6-38AE-45A4-8F95-0D595384D05A}"
EndProject
Project("{FAE04EC0-301F-11D3-BF4B-00C04F79EFBC}") = "Tests.DeepConfig", "Tests.DeepConfig\Tests.DeepConfig.csproj", "{3CCE7F99-8DCA-4026-AF3A-40E2E07DB419}"
EndProject
Global
	GlobalSection(TeamFoundationVersionControl) = preSolution
		SccNumberOfProjects = 11
		SccEnterpriseProvider = {4CA58AB2-18FA-4F8D-95D4-32DDF27D184C}
		SccTeamFoundationServer = http://vps4078.vmachine.co.uk:8080/tfs/defaultcollection
		SccLocalPath0 = .
		SccProjectUniqueName1 = DeepConfig\\DeepConfig.csproj
		SccProjectName1 = DeepConfig
		SccLocalPath1 = DeepConfig
		SccProjectUniqueName2 = DeepConfig.Extras\\DeepConfig.Extras.csproj
		SccProjectName2 = DeepConfig.Extras
		SccLocalPath2 = DeepConfig.Extras
		SccProjectUniqueName3 = DeepConfigEditor\\DeepConfigEditor.csproj
		SccProjectName3 = DeepConfigEditor
		SccLocalPath3 = DeepConfigEditor
		SccProjectUniqueName4 = DeepConfigEditor.Extensions\\DeepConfigEditor.Extensions.csproj
		SccProjectName4 = DeepConfigEditor.Extensions
		SccLocalPath4 = DeepConfigEditor.Extensions
		SccProjectUniqueName5 = DeepConfigEditor.Core\\DeepConfigEditor.Core.csproj
		SccProjectName5 = DeepConfigEditor.Core
		SccLocalPath5 = DeepConfigEditor.Core
		SccProjectUniqueName6 = DeepConfigEditor.FileExplorer\\DeepConfigEditor.FileExplorer.csproj
		SccProjectName6 = DeepConfigEditor.FileExplorer
		SccLocalPath6 = DeepConfigEditor.FileExplorer
		SccProjectUniqueName7 = Tests.DeepConfigEditor\\Tests.DeepConfigEditor.csproj
		SccProjectName7 = Tests.DeepConfigEditor
		SccLocalPath7 = Tests.DeepConfigEditor
		SccProjectUniqueName8 = SampleEditorPlugin\\SampleEditorPlugin.csproj
		SccProjectName8 = SampleEditorPlugin
		SccLocalPath8 = SampleEditorPlugin
		SccProjectUniqueName9 = DeepConfigEditor.Resources\\DeepConfigEditor.Resources.csproj
		SccProjectName9 = DeepConfigEditor.Resources
		SccLocalPath9 = DeepConfigEditor.Resources
		SccProjectUniqueName10 = Tests.DeepConfig\\Tests.DeepConfig.csproj
		SccProjectName10 = Tests.DeepConfig
		SccLocalPath10 = Tests.DeepConfig
	EndGlobalSection
	GlobalSection(SolutionConfigurationPlatforms) = preSolution
		Debug|Any CPU = Debug|Any CPU
		Debug|Mixed Platforms = Debug|Mixed Platforms
		Debug|x86 = Debug|x86
		DebugWithCodeAnalysis|Any CPU = DebugWithCodeAnalysis|Any CPU
		DebugWithCodeAnalysis|Mixed Platforms = DebugWithCodeAnalysis|Mixed Platforms
		DebugWithCodeAnalysis|x86 = DebugWithCodeAnalysis|x86
		Release|Any CPU = Release|Any CPU
		Release|Mixed Platforms = Release|Mixed Platforms
		Release|x86 = Release|x86
	EndGlobalSection
	GlobalSection(ProjectConfigurationPlatforms) = postSolution
		{8D56A19B-DD46-4397-B337-8A9E4840F60B}.Debug|Any CPU.ActiveCfg = Debug|Any CPU
		{8D56A19B-DD46-4397-B337-8A9E4840F60B}.Debug|Any CPU.Build.0 = Debug|Any CPU
		{8D56A19B-DD46-4397-B337-8A9E4840F60B}.Debug|Mixed Platforms.ActiveCfg = Debug|Any CPU
		{8D56A19B-DD46-4397-B337-8A9E4840F60B}.Debug|Mixed Platforms.Build.0 = Debug|Any CPU
		{8D56A19B-DD46-4397-B337-8A9E4840F60B}.Debug|x86.ActiveCfg = Debug|Any CPU
		{8D56A19B-DD46-4397-B337-8A9E4840F60B}.DebugWithCodeAnalysis|Any CPU.ActiveCfg = DebugWithCodeAnalysis|Any CPU
		{8D56A19B-DD46-4397-B337-8A9E4840F60B}.DebugWithCodeAnalysis|Any CPU.Build.0 = DebugWithCodeAnalysis|Any CPU
		{8D56A19B-DD46-4397-B337-8A9E4840F60B}.DebugWithCodeAnalysis|Mixed Platforms.ActiveCfg = DebugWithCodeAnalysis|Any CPU
		{8D56A19B-DD46-4397-B337-8A9E4840F60B}.DebugWithCodeAnalysis|Mixed Platforms.Build.0 = DebugWithCodeAnalysis|Any CPU
		{8D56A19B-DD46-4397-B337-8A9E4840F60B}.DebugWithCodeAnalysis|x86.ActiveCfg = DebugWithCodeAnalysis|Any CPU
		{8D56A19B-DD46-4397-B337-8A9E4840F60B}.Release|Any CPU.ActiveCfg = Release|Any CPU
		{8D56A19B-DD46-4397-B337-8A9E4840F60B}.Release|Any CPU.Build.0 = Release|Any CPU
		{8D56A19B-DD46-4397-B337-8A9E4840F60B}.Release|Mixed Platforms.ActiveCfg = Release|Any CPU
		{8D56A19B-DD46-4397-B337-8A9E4840F60B}.Release|Mixed Platforms.Build.0 = Release|Any CPU
		{8D56A19B-DD46-4397-B337-8A9E4840F60B}.Release|x86.ActiveCfg = Release|Any CPU
		{9F19ABB8-8D9D-4910-8BB5-62CA4C20EBA2}.Debug|Any CPU.ActiveCfg = Debug|Any CPU
		{9F19ABB8-8D9D-4910-8BB5-62CA4C20EBA2}.Debug|Any CPU.Build.0 = Debug|Any CPU
		{9F19ABB8-8D9D-4910-8BB5-62CA4C20EBA2}.Debug|Mixed Platforms.ActiveCfg = Debug|Any CPU
		{9F19ABB8-8D9D-4910-8BB5-62CA4C20EBA2}.Debug|Mixed Platforms.Build.0 = Debug|Any CPU
		{9F19ABB8-8D9D-4910-8BB5-62CA4C20EBA2}.Debug|x86.ActiveCfg = Debug|Any CPU
		{9F19ABB8-8D9D-4910-8BB5-62CA4C20EBA2}.DebugWithCodeAnalysis|Any CPU.ActiveCfg = DebugWithCodeAnalysis|Any CPU
		{9F19ABB8-8D9D-4910-8BB5-62CA4C20EBA2}.DebugWithCodeAnalysis|Any CPU.Build.0 = DebugWithCodeAnalysis|Any CPU
		{9F19ABB8-8D9D-4910-8BB5-62CA4C20EBA2}.DebugWithCodeAnalysis|Mixed Platforms.ActiveCfg = DebugWithCodeAnalysis|Any CPU
		{9F19ABB8-8D9D-4910-8BB5-62CA4C20EBA2}.DebugWithCodeAnalysis|Mixed Platforms.Build.0 = DebugWithCodeAnalysis|Any CPU
		{9F19ABB8-8D9D-4910-8BB5-62CA4C20EBA2}.DebugWithCodeAnalysis|x86.ActiveCfg = DebugWithCodeAnalysis|Any CPU
		{9F19ABB8-8D9D-4910-8BB5-62CA4C20EBA2}.Release|Any CPU.ActiveCfg = Release|Any CPU
		{9F19ABB8-8D9D-4910-8BB5-62CA4C20EBA2}.Release|Any CPU.Build.0 = Release|Any CPU
		{9F19ABB8-8D9D-4910-8BB5-62CA4C20EBA2}.Release|Mixed Platforms.ActiveCfg = Release|Any CPU
		{9F19ABB8-8D9D-4910-8BB5-62CA4C20EBA2}.Release|Mixed Platforms.Build.0 = Release|Any CPU
		{9F19ABB8-8D9D-4910-8BB5-62CA4C20EBA2}.Release|x86.ActiveCfg = Release|Any CPU
		{2DE4C2E6-7B53-4FB5-ACFD-8630DCD052F5}.Debug|Any CPU.ActiveCfg = Debug|Any CPU
		{2DE4C2E6-7B53-4FB5-ACFD-8630DCD052F5}.Debug|Any CPU.Build.0 = Debug|Any CPU
		{2DE4C2E6-7B53-4FB5-ACFD-8630DCD052F5}.Debug|Mixed Platforms.ActiveCfg = Debug|Any CPU
		{2DE4C2E6-7B53-4FB5-ACFD-8630DCD052F5}.Debug|Mixed Platforms.Build.0 = Debug|Any CPU
		{2DE4C2E6-7B53-4FB5-ACFD-8630DCD052F5}.Debug|x86.ActiveCfg = Debug|Any CPU
		{2DE4C2E6-7B53-4FB5-ACFD-8630DCD052F5}.DebugWithCodeAnalysis|Any CPU.ActiveCfg = Debug|Any CPU
		{2DE4C2E6-7B53-4FB5-ACFD-8630DCD052F5}.DebugWithCodeAnalysis|Any CPU.Build.0 = Debug|Any CPU
		{2DE4C2E6-7B53-4FB5-ACFD-8630DCD052F5}.DebugWithCodeAnalysis|Mixed Platforms.ActiveCfg = Debug|Any CPU
		{2DE4C2E6-7B53-4FB5-ACFD-8630DCD052F5}.DebugWithCodeAnalysis|Mixed Platforms.Build.0 = Debug|Any CPU
		{2DE4C2E6-7B53-4FB5-ACFD-8630DCD052F5}.DebugWithCodeAnalysis|x86.ActiveCfg = Debug|Any CPU
		{2DE4C2E6-7B53-4FB5-ACFD-8630DCD052F5}.Release|Any CPU.ActiveCfg = Release|Any CPU
		{2DE4C2E6-7B53-4FB5-ACFD-8630DCD052F5}.Release|Any CPU.Build.0 = Release|Any CPU
		{2DE4C2E6-7B53-4FB5-ACFD-8630DCD052F5}.Release|Mixed Platforms.ActiveCfg = Release|Any CPU
		{2DE4C2E6-7B53-4FB5-ACFD-8630DCD052F5}.Release|Mixed Platforms.Build.0 = Release|Any CPU
		{2DE4C2E6-7B53-4FB5-ACFD-8630DCD052F5}.Release|x86.ActiveCfg = Release|Any CPU
		{4E367B7F-FA95-4429-9F48-DFA0F5F05D3A}.Debug|Any CPU.ActiveCfg = Debug|Any CPU
		{4E367B7F-FA95-4429-9F48-DFA0F5F05D3A}.Debug|Any CPU.Build.0 = Debug|Any CPU
		{4E367B7F-FA95-4429-9F48-DFA0F5F05D3A}.Debug|Mixed Platforms.ActiveCfg = Debug|Any CPU
		{4E367B7F-FA95-4429-9F48-DFA0F5F05D3A}.Debug|Mixed Platforms.Build.0 = Debug|Any CPU
		{4E367B7F-FA95-4429-9F48-DFA0F5F05D3A}.Debug|x86.ActiveCfg = Debug|Any CPU
		{4E367B7F-FA95-4429-9F48-DFA0F5F05D3A}.DebugWithCodeAnalysis|Any CPU.ActiveCfg = Debug|Any CPU
		{4E367B7F-FA95-4429-9F48-DFA0F5F05D3A}.DebugWithCodeAnalysis|Any CPU.Build.0 = Debug|Any CPU
		{4E367B7F-FA95-4429-9F48-DFA0F5F05D3A}.DebugWithCodeAnalysis|Mixed Platforms.ActiveCfg = Debug|Any CPU
		{4E367B7F-FA95-4429-9F48-DFA0F5F05D3A}.DebugWithCodeAnalysis|Mixed Platforms.Build.0 = Debug|Any CPU
		{4E367B7F-FA95-4429-9F48-DFA0F5F05D3A}.DebugWithCodeAnalysis|x86.ActiveCfg = Debug|Any CPU
		{4E367B7F-FA95-4429-9F48-DFA0F5F05D3A}.Release|Any CPU.ActiveCfg = Release|Any CPU
		{4E367B7F-FA95-4429-9F48-DFA0F5F05D3A}.Release|Any CPU.Build.0 = Release|Any CPU
		{4E367B7F-FA95-4429-9F48-DFA0F5F05D3A}.Release|Mixed Platforms.ActiveCfg = Release|Any CPU
		{4E367B7F-FA95-4429-9F48-DFA0F5F05D3A}.Release|Mixed Platforms.Build.0 = Release|Any CPU
		{4E367B7F-FA95-4429-9F48-DFA0F5F05D3A}.Release|x86.ActiveCfg = Release|Any CPU
		{C7BC3D3B-39E5-4FCE-BE09-49EE797412A2}.Debug|Any CPU.ActiveCfg = Debug|Any CPU
		{C7BC3D3B-39E5-4FCE-BE09-49EE797412A2}.Debug|Any CPU.Build.0 = Debug|Any CPU
		{C7BC3D3B-39E5-4FCE-BE09-49EE797412A2}.Debug|Mixed Platforms.ActiveCfg = Debug|Any CPU
		{C7BC3D3B-39E5-4FCE-BE09-49EE797412A2}.Debug|Mixed Platforms.Build.0 = Debug|Any CPU
		{C7BC3D3B-39E5-4FCE-BE09-49EE797412A2}.Debug|x86.ActiveCfg = Debug|Any CPU
		{C7BC3D3B-39E5-4FCE-BE09-49EE797412A2}.DebugWithCodeAnalysis|Any CPU.ActiveCfg = Debug|Any CPU
		{C7BC3D3B-39E5-4FCE-BE09-49EE797412A2}.DebugWithCodeAnalysis|Any CPU.Build.0 = Debug|Any CPU
		{C7BC3D3B-39E5-4FCE-BE09-49EE797412A2}.DebugWithCodeAnalysis|Mixed Platforms.ActiveCfg = Debug|Any CPU
		{C7BC3D3B-39E5-4FCE-BE09-49EE797412A2}.DebugWithCodeAnalysis|Mixed Platforms.Build.0 = Debug|Any CPU
		{C7BC3D3B-39E5-4FCE-BE09-49EE797412A2}.DebugWithCodeAnalysis|x86.ActiveCfg = Debug|Any CPU
		{C7BC3D3B-39E5-4FCE-BE09-49EE797412A2}.Release|Any CPU.ActiveCfg = Release|Any CPU
		{C7BC3D3B-39E5-4FCE-BE09-49EE797412A2}.Release|Any CPU.Build.0 = Release|Any CPU
		{C7BC3D3B-39E5-4FCE-BE09-49EE797412A2}.Release|Mixed Platforms.ActiveCfg = Release|Any CPU
		{C7BC3D3B-39E5-4FCE-BE09-49EE797412A2}.Release|Mixed Platforms.Build.0 = Release|Any CPU
		{C7BC3D3B-39E5-4FCE-BE09-49EE797412A2}.Release|x86.ActiveCfg = Release|Any CPU
		{CBCB3B72-8285-4697-AC91-559F1C8D193E}.Debug|Any CPU.ActiveCfg = Debug|Any CPU
		{CBCB3B72-8285-4697-AC91-559F1C8D193E}.Debug|Any CPU.Build.0 = Debug|Any CPU
		{CBCB3B72-8285-4697-AC91-559F1C8D193E}.Debug|Mixed Platforms.ActiveCfg = Debug|Any CPU
		{CBCB3B72-8285-4697-AC91-559F1C8D193E}.Debug|Mixed Platforms.Build.0 = Debug|Any CPU
		{CBCB3B72-8285-4697-AC91-559F1C8D193E}.Debug|x86.ActiveCfg = Debug|Any CPU
		{CBCB3B72-8285-4697-AC91-559F1C8D193E}.DebugWithCodeAnalysis|Any CPU.ActiveCfg = Debug|Any CPU
		{CBCB3B72-8285-4697-AC91-559F1C8D193E}.DebugWithCodeAnalysis|Any CPU.Build.0 = Debug|Any CPU
		{CBCB3B72-8285-4697-AC91-559F1C8D193E}.DebugWithCodeAnalysis|Mixed Platforms.ActiveCfg = Debug|Any CPU
		{CBCB3B72-8285-4697-AC91-559F1C8D193E}.DebugWithCodeAnalysis|Mixed Platforms.Build.0 = Debug|Any CPU
		{CBCB3B72-8285-4697-AC91-559F1C8D193E}.DebugWithCodeAnalysis|x86.ActiveCfg = Debug|Any CPU
		{CBCB3B72-8285-4697-AC91-559F1C8D193E}.Release|Any CPU.ActiveCfg = Release|Any CPU
		{CBCB3B72-8285-4697-AC91-559F1C8D193E}.Release|Any CPU.Build.0 = Release|Any CPU
		{CBCB3B72-8285-4697-AC91-559F1C8D193E}.Release|Mixed Platforms.ActiveCfg = Release|Any CPU
		{CBCB3B72-8285-4697-AC91-559F1C8D193E}.Release|Mixed Platforms.Build.0 = Release|Any CPU
		{CBCB3B72-8285-4697-AC91-559F1C8D193E}.Release|x86.ActiveCfg = Release|Any CPU
		{26999970-40F2-4931-A6F4-1E5CF3FFEA4D}.Debug|Any CPU.ActiveCfg = Debug|Any CPU
		{26999970-40F2-4931-A6F4-1E5CF3FFEA4D}.Debug|Any CPU.Build.0 = Debug|Any CPU
		{26999970-40F2-4931-A6F4-1E5CF3FFEA4D}.Debug|Mixed Platforms.ActiveCfg = Debug|Any CPU
		{26999970-40F2-4931-A6F4-1E5CF3FFEA4D}.Debug|Mixed Platforms.Build.0 = Debug|Any CPU
		{26999970-40F2-4931-A6F4-1E5CF3FFEA4D}.Debug|x86.ActiveCfg = Debug|Any CPU
		{26999970-40F2-4931-A6F4-1E5CF3FFEA4D}.DebugWithCodeAnalysis|Any CPU.ActiveCfg = Debug|Any CPU
		{26999970-40F2-4931-A6F4-1E5CF3FFEA4D}.DebugWithCodeAnalysis|Any CPU.Build.0 = Debug|Any CPU
		{26999970-40F2-4931-A6F4-1E5CF3FFEA4D}.DebugWithCodeAnalysis|Mixed Platforms.ActiveCfg = Debug|Any CPU
		{26999970-40F2-4931-A6F4-1E5CF3FFEA4D}.DebugWithCodeAnalysis|Mixed Platforms.Build.0 = Debug|Any CPU
		{26999970-40F2-4931-A6F4-1E5CF3FFEA4D}.DebugWithCodeAnalysis|x86.ActiveCfg = Debug|Any CPU
		{26999970-40F2-4931-A6F4-1E5CF3FFEA4D}.Release|Any CPU.ActiveCfg = Release|Any CPU
		{26999970-40F2-4931-A6F4-1E5CF3FFEA4D}.Release|Any CPU.Build.0 = Release|Any CPU
		{26999970-40F2-4931-A6F4-1E5CF3FFEA4D}.Release|Mixed Platforms.ActiveCfg = Release|Any CPU
		{26999970-40F2-4931-A6F4-1E5CF3FFEA4D}.Release|Mixed Platforms.Build.0 = Release|Any CPU
		{26999970-40F2-4931-A6F4-1E5CF3FFEA4D}.Release|x86.ActiveCfg = Release|Any CPU
		{FE2E9578-0095-441D-9A87-EC15EC93D193}.Debug|Any CPU.ActiveCfg = Debug|Any CPU
		{FE2E9578-0095-441D-9A87-EC15EC93D193}.Debug|Any CPU.Build.0 = Debug|Any CPU
		{FE2E9578-0095-441D-9A87-EC15EC93D193}.Debug|Mixed Platforms.ActiveCfg = Debug|Any CPU
		{FE2E9578-0095-441D-9A87-EC15EC93D193}.Debug|Mixed Platforms.Build.0 = Debug|Any CPU
		{FE2E9578-0095-441D-9A87-EC15EC93D193}.Debug|x86.ActiveCfg = Debug|Any CPU
		{FE2E9578-0095-441D-9A87-EC15EC93D193}.DebugWithCodeAnalysis|Any CPU.ActiveCfg = Debug|Any CPU
		{FE2E9578-0095-441D-9A87-EC15EC93D193}.DebugWithCodeAnalysis|Any CPU.Build.0 = Debug|Any CPU
		{FE2E9578-0095-441D-9A87-EC15EC93D193}.DebugWithCodeAnalysis|Mixed Platforms.ActiveCfg = Debug|Any CPU
		{FE2E9578-0095-441D-9A87-EC15EC93D193}.DebugWithCodeAnalysis|Mixed Platforms.Build.0 = Debug|Any CPU
		{FE2E9578-0095-441D-9A87-EC15EC93D193}.DebugWithCodeAnalysis|x86.ActiveCfg = Debug|Any CPU
		{FE2E9578-0095-441D-9A87-EC15EC93D193}.Release|Any CPU.ActiveCfg = Release|Any CPU
		{FE2E9578-0095-441D-9A87-EC15EC93D193}.Release|Any CPU.Build.0 = Release|Any CPU
		{FE2E9578-0095-441D-9A87-EC15EC93D193}.Release|Mixed Platforms.ActiveCfg = Release|Any CPU
		{FE2E9578-0095-441D-9A87-EC15EC93D193}.Release|Mixed Platforms.Build.0 = Release|Any CPU
		{FE2E9578-0095-441D-9A87-EC15EC93D193}.Release|x86.ActiveCfg = Release|Any CPU
		{F0DA61C6-38AE-45A4-8F95-0D595384D05A}.Debug|Any CPU.ActiveCfg = Debug|Any CPU
		{F0DA61C6-38AE-45A4-8F95-0D595384D05A}.Debug|Any CPU.Build.0 = Debug|Any CPU
		{F0DA61C6-38AE-45A4-8F95-0D595384D05A}.Debug|Mixed Platforms.ActiveCfg = Debug|Any CPU
		{F0DA61C6-38AE-45A4-8F95-0D595384D05A}.Debug|Mixed Platforms.Build.0 = Debug|Any CPU
		{F0DA61C6-38AE-45A4-8F95-0D595384D05A}.Debug|x86.ActiveCfg = Debug|Any CPU
		{F0DA61C6-38AE-45A4-8F95-0D595384D05A}.DebugWithCodeAnalysis|Any CPU.ActiveCfg = Debug|Any CPU
		{F0DA61C6-38AE-45A4-8F95-0D595384D05A}.DebugWithCodeAnalysis|Any CPU.Build.0 = Debug|Any CPU
		{F0DA61C6-38AE-45A4-8F95-0D595384D05A}.DebugWithCodeAnalysis|Mixed Platforms.ActiveCfg = Debug|Any CPU
		{F0DA61C6-38AE-45A4-8F95-0D595384D05A}.DebugWithCodeAnalysis|Mixed Platforms.Build.0 = Debug|Any CPU
		{F0DA61C6-38AE-45A4-8F95-0D595384D05A}.DebugWithCodeAnalysis|x86.ActiveCfg = Debug|Any CPU
		{F0DA61C6-38AE-45A4-8F95-0D595384D05A}.Release|Any CPU.ActiveCfg = Release|Any CPU
		{F0DA61C6-38AE-45A4-8F95-0D595384D05A}.Release|Any CPU.Build.0 = Release|Any CPU
		{F0DA61C6-38AE-45A4-8F95-0D595384D05A}.Release|Mixed Platforms.ActiveCfg = Release|Any CPU
		{F0DA61C6-38AE-45A4-8F95-0D595384D05A}.Release|Mixed Platforms.Build.0 = Release|Any CPU
		{F0DA61C6-38AE-45A4-8F95-0D595384D05A}.Release|x86.ActiveCfg = Release|Any CPU
		{3CCE7F99-8DCA-4026-AF3A-40E2E07DB419}.Debug|Any CPU.ActiveCfg = Debug|Any CPU
		{3CCE7F99-8DCA-4026-AF3A-40E2E07DB419}.Debug|Any CPU.Build.0 = Debug|Any CPU
		{3CCE7F99-8DCA-4026-AF3A-40E2E07DB419}.Debug|Mixed Platforms.ActiveCfg = Debug|Any CPU
		{3CCE7F99-8DCA-4026-AF3A-40E2E07DB419}.Debug|Mixed Platforms.Build.0 = Debug|Any CPU
		{3CCE7F99-8DCA-4026-AF3A-40E2E07DB419}.Debug|x86.ActiveCfg = Debug|Any CPU
		{3CCE7F99-8DCA-4026-AF3A-40E2E07DB419}.DebugWithCodeAnalysis|Any CPU.ActiveCfg = DebugWithCodeAnalysis|Any CPU
		{3CCE7F99-8DCA-4026-AF3A-40E2E07DB419}.DebugWithCodeAnalysis|Any CPU.Build.0 = DebugWithCodeAnalysis|Any CPU
		{3CCE7F99-8DCA-4026-AF3A-40E2E07DB419}.DebugWithCodeAnalysis|Mixed Platforms.ActiveCfg = DebugWithCodeAnalysis|Any CPU
		{3CCE7F99-8DCA-4026-AF3A-40E2E07DB419}.DebugWithCodeAnalysis|Mixed Platforms.Build.0 = DebugWithCodeAnalysis|Any CPU
		{3CCE7F99-8DCA-4026-AF3A-40E2E07DB419}.DebugWithCodeAnalysis|x86.ActiveCfg = DebugWithCodeAnalysis|Any CPU
		{3CCE7F99-8DCA-4026-AF3A-40E2E07DB419}.Release|Any CPU.ActiveCfg = Release|Any CPU
		{3CCE7F99-8DCA-4026-AF3A-40E2E07DB419}.Release|Any CPU.Build.0 = Release|Any CPU
		{3CCE7F99-8DCA-4026-AF3A-40E2E07DB419}.Release|Mixed Platforms.ActiveCfg = Release|Any CPU
		{3CCE7F99-8DCA-4026-AF3A-40E2E07DB419}.Release|Mixed Platforms.Build.0 = Release|Any CPU
		{3CCE7F99-8DCA-4026-AF3A-40E2E07DB419}.Release|x86.ActiveCfg = Release|Any CPU
	EndGlobalSection
	GlobalSection(SolutionProperties) = preSolution
		HideSolutionNode = FALSE
	EndGlobalSection
	GlobalSection(TestCaseManagementSettings) = postSolution
		CategoryFile = DeepPrinciple.DeepConfig.vsmdi
	EndGlobalSection
EndGlobal
